<Solution>
  <Configurations>
    <BuildType Name="Debug" />
    <BuildType Name="Development" />
    <BuildType Name="Release" />
    <Platform Name="x64" />
  </Configurations>
  <Folder Name="/ソリューション項目/">
    <File Path=".editorconfig" />
  </Folder>
  <Project Path="CG2.vcxproj" Id="d4d6731f-5b7c-4f4b-a5d0-183059f1fd9e">
    <BuildType Solution="Debug|*" Project="Development" />
  </Project>
  <Project Path="externals/DirectXTex/DirectXTex_Desktop_2022_Win10.vcxproj" Id="371b9fa9-4c90-4ac6-a123-aced756d6c77">
    <BuildType Solution="Debug|*" Project="Development" />
  </Project>
</Solution>
